// !$*UTF8*$!
{
	archiveVersion = 1;
	classes = {
	};
	objectVersion = 46;
	objects = {

/* Begin PBXBuildFile section */
		58A4BC11180C7751EF2D6031 /* Pods_XYZ2.framework in Frameworks */ = {isa = PBXBuildFile; fileRef = 4FE1C41EA68FDD7D5EC1A660 /* Pods_XYZ2.framework */; };
		8802A8291CCBA53A008D36CE /* AppDelegate.swift in Sources */ = {isa = PBXBuildFile; fileRef = 8802A8281CCBA53A008D36CE /* AppDelegate.swift */; };
		8802A82B1CCBA53A008D36CE /* ViewController.swift in Sources */ = {isa = PBXBuildFile; fileRef = 8802A82A1CCBA53A008D36CE /* ViewController.swift */; };
		8802A82E1CCBA53A008D36CE /* Main.storyboard in Resources */ = {isa = PBXBuildFile; fileRef = 8802A82C1CCBA53A008D36CE /* Main.storyboard */; };
		8802A8301CCBA53A008D36CE /* Assets.xcassets in Resources */ = {isa = PBXBuildFile; fileRef = 8802A82F1CCBA53A008D36CE /* Assets.xcassets */; };
		8802A8331CCBA53A008D36CE /* LaunchScreen.storyboard in Resources */ = {isa = PBXBuildFile; fileRef = 8802A8311CCBA53A008D36CE /* LaunchScreen.storyboard */; };
		885D8A731CCBD3B400D7FCA3 /* SocketIOManager.swift in Sources */ = {isa = PBXBuildFile; fileRef = 885D8A721CCBD3B400D7FCA3 /* SocketIOManager.swift */; };
/* End PBXBuildFile section */

/* Begin PBXFileReference section */
		4FE1C41EA68FDD7D5EC1A660 /* Pods_XYZ2.framework */ = {isa = PBXFileReference; explicitFileType = wrapper.framework; includeInIndex = 0; path = Pods_XYZ2.framework; sourceTree = BUILT_PRODUCTS_DIR; };
		8802A8251CCBA53A008D36CE /* XYZ2.app */ = {isa = PBXFileReference; explicitFileType = wrapper.application; includeInIndex = 0; path = XYZ2.app; sourceTree = BUILT_PRODUCTS_DIR; };
		8802A8281CCBA53A008D36CE /* AppDelegate.swift */ = {isa = PBXFileReference; lastKnownFileType = sourcecode.swift; path = AppDelegate.swift; sourceTree = "<group>"; };
		8802A82A1CCBA53A008D36CE /* ViewController.swift */ = {isa = PBXFileReference; lastKnownFileType = sourcecode.swift; path = ViewController.swift; sourceTree = "<group>"; };
		8802A82D1CCBA53A008D36CE /* Base */ = {isa = PBXFileReference; lastKnownFileType = file.storyboard; name = Base; path = Base.lproj/Main.storyboard; sourceTree = "<group>"; };
		8802A82F1CCBA53A008D36CE /* Assets.xcassets */ = {isa = PBXFileReference; lastKnownFileType = folder.assetcatalog; path = Assets.xcassets; sourceTree = "<group>"; };
		8802A8321CCBA53A008D36CE /* Base */ = {isa = PBXFileReference; lastKnownFileType = file.storyboard; name = Base; path = Base.lproj/LaunchScreen.storyboard; sourceTree = "<group>"; };
		8802A8341CCBA53A008D36CE /* Info.plist */ = {isa = PBXFileReference; lastKnownFileType = text.plist.xml; path = Info.plist; sourceTree = "<group>"; };
		885D8A721CCBD3B400D7FCA3 /* SocketIOManager.swift */ = {isa = PBXFileReference; fileEncoding = 4; lastKnownFileType = sourcecode.swift; path = SocketIOManager.swift; sourceTree = "<group>"; };
		88CCF20729CCACC0544EF2B1 /* Pods-XYZ2.release.xcconfig */ = {isa = PBXFileReference; includeInIndex = 1; lastKnownFileType = text.xcconfig; name = "Pods-XYZ2.release.xcconfig"; path = "Pods/Target Support Files/Pods-XYZ2/Pods-XYZ2.release.xcconfig"; sourceTree = "<group>"; };
		E6EB5CF0577577FD4C208348 /* Pods-XYZ2.debug.xcconfig */ = {isa = PBXFileReference; includeInIndex = 1; lastKnownFileType = text.xcconfig; name = "Pods-XYZ2.debug.xcconfig"; path = "Pods/Target Support Files/Pods-XYZ2/Pods-XYZ2.debug.xcconfig"; sourceTree = "<group>"; };
/* End PBXFileReference section */

/* Begin PBXFrameworksBuildPhase section */
		8802A8221CCBA53A008D36CE /* Frameworks */ = {
			isa = PBXFrameworksBuildPhase;
			buildActionMask = 2147483647;
			files = (
				58A4BC11180C7751EF2D6031 /* Pods_XYZ2.framework in Frameworks */,
			);
			runOnlyForDeploymentPostprocessing = 0;
		};
/* End PBXFrameworksBuildPhase section */

/* Begin PBXGroup section */
		8802A81C1CCBA53A008D36CE = {
			isa = PBXGroup;
			children = (
				8802A8271CCBA53A008D36CE /* XYZ2 */,
				8802A8261CCBA53A008D36CE /* Products */,
				B8ABE93D77400B5E768FAD46 /* Pods */,
				D60F806E22E168E6E13072A7 /* Frameworks */,
			);
			sourceTree = "<group>";
		};
		8802A8261CCBA53A008D36CE /* Products */ = {
			isa = PBXGroup;
			children = (
				8802A8251CCBA53A008D36CE /* XYZ2.app */,
			);
			name = Products;
			sourceTree = "<group>";
		};
		8802A8271CCBA53A008D36CE /* XYZ2 */ = {
			isa = PBXGroup;
			children = (
				8802A8281CCBA53A008D36CE /* AppDelegate.swift */,
				8802A82A1CCBA53A008D36CE /* ViewController.swift */,
				8802A82C1CCBA53A008D36CE /* Main.storyboard */,
				8802A82F1CCBA53A008D36CE /* Assets.xcassets */,
				8802A8311CCBA53A008D36CE /* LaunchScreen.storyboard */,
				8802A8341CCBA53A008D36CE /* Info.plist */,
				885D8A721CCBD3B400D7FCA3 /* SocketIOManager.swift */,
			);
			path = XYZ2;
			sourceTree = "<group>";
		};
		B8ABE93D77400B5E768FAD46 /* Pods */ = {
			isa = PBXGroup;
			children = (
				E6EB5CF0577577FD4C208348 /* Pods-XYZ2.debug.xcconfig */,
				88CCF20729CCACC0544EF2B1 /* Pods-XYZ2.release.xcconfig */,
			);
			name = Pods;
			sourceTree = "<group>";
		};
		D60F806E22E168E6E13072A7 /* Frameworks */ = {
			isa = PBXGroup;
			children = (
				4FE1C41EA68FDD7D5EC1A660 /* Pods_XYZ2.framework */,
			);
			name = Frameworks;
			sourceTree = "<group>";
		};
/* End PBXGroup section */

/* Begin PBXNativeTarget section */
		8802A8241CCBA53A008D36CE /* XYZ2 */ = {
			isa = PBXNativeTarget;
			buildConfigurationList = 8802A8371CCBA53A008D36CE /* Build configuration list for PBXNativeTarget "XYZ2" */;
			buildPhases = (
				A07974757CCEF33F7662DD90 /* Check Pods Manifest.lock */,
				8802A8211CCBA53A008D36CE /* Sources */,
				8802A8221CCBA53A008D36CE /* Frameworks */,
				8802A8231CCBA53A008D36CE /* Resources */,
				EA58F15CA6C7F306F0E48384 /* Embed Pods Frameworks */,
				171FB2B3B1DF57F9DF0D8254 /* Copy Pods Resources */,
			);
			buildRules = (
			);
			dependencies = (
			);
			name = XYZ2;
			productName = XYZ2;
			productReference = 8802A8251CCBA53A008D36CE /* XYZ2.app */;
			productType = "com.apple.product-type.application";
		};
/* End PBXNativeTarget section */

/* Begin PBXProject section */
		8802A81D1CCBA53A008D36CE /* Project object */ = {
			isa = PBXProject;
			attributes = {
				LastSwiftUpdateCheck = 0730;
				LastUpgradeCheck = 0730;
				ORGANIZATIONNAME = Jakub;
				TargetAttributes = {
					8802A8241CCBA53A008D36CE = {
						CreatedOnToolsVersion = 7.3;
						DevelopmentTeam = C8GDQ65SQ3;
					};
				};
			};
			buildConfigurationList = 8802A8201CCBA53A008D36CE /* Build configuration list for PBXProject "XYZ2" */;
			compatibilityVersion = "Xcode 3.2";
			developmentRegion = English;
			hasScannedForEncodings = 0;
			knownRegions = (
				en,
				Base,
			);
			mainGroup = 8802A81C1CCBA53A008D36CE;
			productRefGroup = 8802A8261CCBA53A008D36CE /* Products */;
			projectDirPath = "";
			projectRoot = "";
			targets = (
				8802A8241CCBA53A008D36CE /* XYZ2 */,
			);
		};
/* End PBXProject section */

/* Begin PBXResourcesBuildPhase section */
		8802A8231CCBA53A008D36CE /* Resources */ = {
			isa = PBXResourcesBuildPhase;
			buildActionMask = 2147483647;
			files = (
				8802A8331CCBA53A008D36CE /* LaunchScreen.storyboard in Resources */,
				8802A8301CCBA53A008D36CE /* Assets.xcassets in Resources */,
				8802A82E1CCBA53A008D36CE /* Main.storyboard in Resources */,
			);
			runOnlyForDeploymentPostprocessing = 0;
		};
/* End PBXResourcesBuildPhase section */

/* Begin PBXShellScriptBuildPhase section */
		171FB2B3B1DF57F9DF0D8254 /* Copy Pods Resources */ = {
			isa = PBXShellScriptBuildPhase;
			buildActionMask = 2147483647;
			files = (
			);
			inputPaths = (
			);
			name = "Copy Pods Resources";
			outputPaths = (
			);
			runOnlyForDeploymentPostprocessing = 0;
			shellPath = /bin/sh;
			shellScript = "\"${SRCROOT}/Pods/Target Support Files/Pods-XYZ2/Pods-XYZ2-resources.sh\"\n";
			showEnvVarsInLog = 0;
		};
		A07974757CCEF33F7662DD90 /* Check Pods Manifest.lock */ = {
			isa = PBXShellScriptBuildPhase;
			buildActionMask = 2147483647;
			files = (
			);
			inputPaths = (
			);
			name = "Check Pods Manifest.lock";
			outputPaths = (
			);
			runOnlyForDeploymentPostprocessing = 0;
			shellPath = /bin/sh;
			shellScript = "diff \"${PODS_ROOT}/../Podfile.lock\" \"${PODS_ROOT}/Manifest.lock\" > /dev/null\nif [[ $? != 0 ]] ; then\n    cat << EOM\nerror: The sandbox is not in sync with the Podfile.lock. Run 'pod install' or update your CocoaPods installation.\nEOM\n    exit 1\nfi\n";
			showEnvVarsInLog = 0;
		};
		EA58F15CA6C7F306F0E48384 /* Embed Pods Frameworks */ = {
			isa = PBXShellScriptBuildPhase;
			buildActionMask = 2147483647;
			files = (
			);
			inputPaths = (
			);
			name = "Embed Pods Frameworks";
			outputPaths = (
			);
			runOnlyForDeploymentPostprocessing = 0;
			shellPath = /bin/sh;
			shellScript = "\"${SRCROOT}/Pods/Target Support Files/Pods-XYZ2/Pods-XYZ2-frameworks.sh\"\n";
			showEnvVarsInLog = 0;
		};
/* End PBXShellScriptBuildPhase section */

/* Begin PBXSourcesBuildPhase section */
		8802A8211CCBA53A008D36CE /* Sources */ = {
			isa = PBXSourcesBuildPhase;
			buildActionMask = 2147483647;
			files = (
				8802A82B1CCBA53A008D36CE /* ViewController.swift in Sources */,
				885D8A731CCBD3B400D7FCA3 /* SocketIOManager.swift in Sources */,
				8802A8291CCBA53A008D36CE /* AppDelegate.swift in Sources */,
			);
			runOnlyForDeploymentPostprocessing = 0;
		};
/* End PBXSourcesBuildPhase section */

/* Begin PBXVariantGroup section */
		8802A82C1CCBA53A008D36CE /* Main.storyboard */ = {
			isa = PBXVariantGroup;
			children = (
				8802A82D1CCBA53A008D36CE /* Base */,
			);
			name = Main.storyboard;
			sourceTree = "<group>";
		};
		8802A8311CCBA53A008D36CE /* LaunchScreen.storyboard */ = {
			isa = PBXVariantGroup;
			children = (
				8802A8321CCBA53A008D36CE /* Base */,
			);
			name = LaunchScreen.storyboard;
			sourceTree = "<group>";
		};
/* End PBXVariantGroup section */

/* Begin XCBuildConfiguration section */
		8802A8351CCBA53A008D36CE /* Debug */ = {
			isa = XCBuildConfiguration;
			buildSettings = {
				ALWAYS_SEARCH_USER_PATHS = NO;
				CLANG_ANALYZER_NONNULL = YES;
				CLANG_CXX_LANGUAGE_STANDARD = "gnu++0x";
				CLANG_CXX_LIBRARY = "libc++";
				CLANG_ENABLE_MODULES = YES;
				CLANG_ENABLE_OBJC_ARC = YES;
				CLANG_WARN_BOOL_CONVERSION = YES;
				CLANG_WARN_CONSTANT_CONVERSION = YES;
				CLANG_WARN_DIRECT_OBJC_ISA_USAGE = YES_ERROR;
				CLANG_WARN_EMPTY_BODY = YES;
				CLANG_WARN_ENUM_CONVERSION = YES;
				CLANG_WARN_INT_CONVERSION = YES;
				CLANG_WARN_OBJC_ROOT_CLASS = YES_ERROR;
				CLANG_WARN_UNREACHABLE_CODE = YES;
				CLANG_WARN__DUPLICATE_METHOD_MATCH = YES;
				"CODE_SIGN_IDENTITY[sdk=iphoneos*]" = "iPhone Developer";
				COPY_PHASE_STRIP = NO;
				DEBUG_INFORMATION_FORMAT = dwarf;
				ENABLE_STRICT_OBJC_MSGSEND = YES;
				ENABLE_TESTABILITY = YES;
				GCC_C_LANGUAGE_STANDARD = gnu99;
				GCC_DYNAMIC_NO_PIC = NO;
				GCC_NO_COMMON_BLOCKS = YES;
				GCC_OPTIMIZATION_LEVEL = 0;
				GCC_PREPROCESSOR_DEFINITIONS = (
					"DEBUG=1",
					"$(inherited)",
				);
				GCC_WARN_64_TO_32_BIT_CONVERSION = YES;
				GCC_WARN_ABOUT_RETURN_TYPE = YES_ERROR;
				GCC_WARN_UNDECLARED_SELECTOR = YES;
				GCC_WARN_UNINITIALIZED_AUTOS = YES_AGGRESSIVE;
				GCC_WARN_UNUSED_FUNCTION = YES;
				GCC_WARN_UNUSED_VARIABLE = YES;
				IPHONEOS_DEPLOYMENT_TARGET = 9.3;
				MTL_ENABLE_DEBUG_INFO = YES;
				ONLY_ACTIVE_ARCH = YES;
				SDKROOT = iphoneos;
				SWIFT_OPTIMIZATION_LEVEL = "-Onone";
			};
			name = Debug;
		};
		8802A8361CCBA53A008D36CE /* Release */ = {
			isa = XCBuildConfiguration;
			buildSettings = {
				ALWAYS_SEARCH_USER_PATHS = NO;
				CLANG_ANALYZER_NONNULL = YES;
				CLANG_CXX_LANGUAGE_STANDARD = "gnu++0x";
				CLANG_CXX_LIBRARY = "libc++";
				CLANG_ENABLE_MODULES = YES;
				CLANG_ENABLE_OBJC_ARC = YES;
				CLANG_WARN_BOOL_CONVERSION = YES;
				CLANG_WARN_CONSTANT_CONVERSION = YES;
				CLANG_WARN_DIRECT_OBJC_ISA_USAGE = YES_ERROR;
				CLANG_WARN_EMPTY_BODY = YES;
				CLANG_WARN_ENUM_CONVERSION = YES;
				CLANG_WARN_INT_CONVERSION = YES;
				CLANG_WARN_OBJC_ROOT_CLASS = YES_ERROR;
				CLANG_WARN_UNREACHABLE_CODE = YES;
				CLANG_WARN__DUPLICATE_METHOD_MATCH = YES;
				"CODE_SIGN_IDENTITY[sdk=iphoneos*]" = "iPhone Developer";
				COPY_PHASE_STRIP = NO;
				DEBUG_INFORMATION_FORMAT = "dwarf-with-dsym";
				ENABLE_NS_ASSERTIONS = NO;
				ENABLE_STRICT_OBJC_MSGSEND = YES;
				GCC_C_LANGUAGE_STANDARD = gnu99;
				GCC_NO_COMMON_BLOCKS = YES;
				GCC_WARN_64_TO_32_BIT_CONVERSION = YES;
				GCC_WARN_ABOUT_RETURN_TYPE = YES_ERROR;
				GCC_WARN_UNDECLARED_SELECTOR = YES;
				GCC_WARN_UNINITIALIZED_AUTOS = YES_AGGRESSIVE;
				GCC_WARN_UNUSED_FUNCTION = YES;
				GCC_WARN_UNUSED_VARIABLE = YES;
				IPHONEOS_DEPLOYMENT_TARGET = 9.3;
				MTL_ENABLE_DEBUG_INFO = NO;
				SDKROOT = iphoneos;
				VALIDATE_PRODUCT = YES;
			};
			name = Release;
		};
		8802A8381CCBA53A008D36CE /* Debug */ = {
			isa = XCBuildConfiguration;
			baseConfigurationReference = E6EB5CF0577577FD4C208348 /* Pods-XYZ2.debug.xcconfig */;
			buildSettings = {
				ASSETCATALOG_COMPILER_APPICON_NAME = AppIcon;
				INFOPLIST_FILE = XYZ2/Info.plist;
				LD_RUNPATH_SEARCH_PATHS = "$(inherited) @executable_path/Frameworks";
				PRODUCT_BUNDLE_IDENTIFIER = com.Jakub.XYZ2;
				PRODUCT_NAME = "$(TARGET_NAME)";
			};
			name = Debug;
		};
		8802A8391CCBA53A008D36CE /* Release */ = {
			isa = XCBuildConfiguration;
			baseConfigurationReference = 88CCF20729CCACC0544EF2B1 /* Pods-XYZ2.release.xcconfig */;
			buildSettings = {
				ASSETCATALOG_COMPILER_APPICON_NAME = AppIcon;
				INFOPLIST_FILE = XYZ2/Info.plist;
				LD_RUNPATH_SEARCH_PATHS = "$(inherited) @executable_path/Frameworks";
				PRODUCT_BUNDLE_IDENTIFIER = com.Jakub.XYZ2;
				PRODUCT_NAME = "$(TARGET_NAME)";
			};
			name = Release;
		};
/* End XCBuildConfiguration section */

/* Begin XCConfigurationList section */
		8802A8201CCBA53A008D36CE /* Build configuration list for PBXProject "XYZ2" */ = {
			isa = XCConfigurationList;
			buildConfigurations = (
				8802A8351CCBA53A008D36CE /* Debug */,
				8802A8361CCBA53A008D36CE /* Release */,
			);
			defaultConfigurationIsVisible = 0;
			defaultConfigurationName = Release;
		};
		8802A8371CCBA53A008D36CE /* Build configuration list for PBXNativeTarget "XYZ2" */ = {
			isa = XCConfigurationList;
			buildConfigurations = (
				8802A8381CCBA53A008D36CE /* Debug */,
				8802A8391CCBA53A008D36CE /* Release */,
			);
			defaultConfigurationIsVisible = 0;
			defaultConfigurationName = Release;
		};
/* End XCConfigurationList section */
	};
	rootObject = 8802A81D1CCBA53A008D36CE /* Project object */;
}
